
Microsoft Visual Studio Solution File, Format Version 12.00
# Visual Studio Version 16
VisualStudioVersion = 16.0.29911.84
MinimumVisualStudioVersion = 10.0.40219.1
Project("{F184B08F-C81C-45F6-A57F-5ABD9991F28F}") = "TicTacToe", "TicTacToe.vbproj", "{47964474-CAAF-4762-88A0-D341B8606805}"
EndProject
Global
	GlobalSection(SolutionConfigurationPlatforms) = preSolution
		Debug|Any CPU = Debug|Any CPU
		Release|Any CPU = Release|Any CPU
	EndGlobalSection
	GlobalSection(ProjectConfigurationPlatforms) = postSolution
		{47964474-CAAF-4762-88A0-D341B8606805}.Debug|Any CPU.ActiveCfg = Debug|Any CPU
		{47964474-CAAF-4762-88A0-D341B8606805}.Debug|Any CPU.Build.0 = Debug|Any CPU
		{47964474-CAAF-4762-88A0-D341B8606805}.Release|Any CPU.ActiveCfg = Release|Any CPU
		{47964474-CAAF-4762-88A0-D341B8606805}.Release|Any CPU.Build.0 = Release|Any CPU
	EndGlobalSection
	GlobalSection(SolutionProperties) = preSolution
		HideSolutionNode = FALSE
	EndGlobalSection
	GlobalSection(ExtensibilityGlobals) = postSolution
		SolutionGuid = {D0BFF5E5-C006-466B-A543-6C74E48FD50D}
	EndGlobalSection
EndGlobal
